PODS:
  - Alamofire (4.7.3)
  - Differentiator (3.1.0)
  - Realm (3.11.1):
    - Realm/Headers (= 3.11.1)
  - Realm/Headers (3.11.1)
  - RealmSwift (3.11.1):
    - Realm (= 3.11.1)
  - RxAlamofire (4.3.0):
    - RxAlamofire/Core (= 4.3.0)
  - RxAlamofire/Core (4.3.0):
    - Alamofire (~> 4.5)
    - RxSwift (~> 4)
  - RxAtomic (4.4.0)
  - RxCocoa (4.4.0):
    - RxSwift (~> 4.0)
  - RxDataSources (3.1.0):
    - Differentiator (~> 3.0)
    - RxCocoa (~> 4.0)
    - RxSwift (~> 4.0)
  - RxMKMapView (4.3.0):
    - RxCocoa (~> 4.3)
    - RxSwift (~> 4.3)
  - RxSwift (4.4.0):
    - RxAtomic (~> 4.4)
  - RxTest (4.4.0):
    - RxAtomic (~> 4.4)
    - RxSwift (~> 4.0)
  - SnapKit (4.2.0)

DEPENDENCIES:
  - Realm
  - RealmSwift
  - RxAlamofire
  - RxCocoa
  - RxDataSources
  - RxMKMapView
  - RxSwift
  - RxTest
  - SnapKit

SPEC REPOS:
  https://github.com/cocoapods/specs.git:
    - Alamofire
    - Differentiator
    - Realm
    - RealmSwift
    - RxAlamofire
    - RxAtomic
    - RxCocoa
    - RxDataSources
    - RxMKMapView
    - RxSwift
    - RxTest
    - SnapKit

SPEC CHECKSUMS:
  Alamofire: c7287b6e5d7da964a70935e5db17046b7fde6568
  Differentiator: be49ca3408f0ecfc761e4c7763d20c62be01b9ad
  Realm: 037c5919b9ceb59d6beed5d3b031096856b119b3
  RealmSwift: c9580133e73ef40ed340401af2dbc9a5790dfea7
  RxAlamofire: 09624d0f2d48ed8b686e4eb4cf68e28cbd2df556
  RxAtomic: eacf60db868c96bfd63320e28619fe29c179656f
  RxCocoa: df63ebf7b9a70d6b4eeea407ed5dd4efc8979749
  RxDataSources: a843bad90c29817f5923ec8163f4af2de084ceb3
  RxMKMapView: 71f1a69a5e3b889662a6ec430006324974418d0c
  RxSwift: 5976ecd04fc2fefd648827c23de5e11157faa973
  RxTest: 19d03286bdc0a3aaea5d61d4cde31fdf4bb8a5ba
  SnapKit: fe8a619752f3f27075cc9a90244d75c6c3f27e2a

PODFILE CHECKSUM: c0f511c66e3481513a16623c773d528066afc62d

COCOAPODS: 1.6.0.beta.2
