// !$*UTF8*$!
{
	archiveVersion = 1;
	classes = {
	};
	objectVersion = 50;
	objects = {

/* Begin PBXBuildFile section */
		3605FD02221AA4FA00C35A67 /* Constants.swift in Sources */ = {isa = PBXBuildFile; fileRef = 3605FD01221AA4FA00C35A67 /* Constants.swift */; };
		363E33F421F554EA0056C48F /* AppDelegate.swift in Sources */ = {isa = PBXBuildFile; fileRef = 363E33F321F554EA0056C48F /* AppDelegate.swift */; };
		363E33F921F554EA0056C48F /* Main.storyboard in Resources */ = {isa = PBXBuildFile; fileRef = 363E33F721F554EA0056C48F /* Main.storyboard */; };
		363E33FB21F554EF0056C48F /* Assets.xcassets in Resources */ = {isa = PBXBuildFile; fileRef = 363E33FA21F554EF0056C48F /* Assets.xcassets */; };
		363E33FE21F554EF0056C48F /* LaunchScreen.storyboard in Resources */ = {isa = PBXBuildFile; fileRef = 363E33FC21F554EF0056C48F /* LaunchScreen.storyboard */; };
		363E340721F55BD40056C48F /* AppCoordinator.swift in Sources */ = {isa = PBXBuildFile; fileRef = 363E340621F55BD40056C48F /* AppCoordinator.swift */; };
		363E340921F55BDC0056C48F /* Coordinator.swift in Sources */ = {isa = PBXBuildFile; fileRef = 363E340821F55BDC0056C48F /* Coordinator.swift */; };
		363E340C21F55C3F0056C48F /* LocationFetcher.swift in Sources */ = {isa = PBXBuildFile; fileRef = 363E340B21F55C3F0056C48F /* LocationFetcher.swift */; };
		363E340F21F55EFE0056C48F /* CLLocationManager+RX.swift in Sources */ = {isa = PBXBuildFile; fileRef = 363E340E21F55EFE0056C48F /* CLLocationManager+RX.swift */; };
		363E341121F563310056C48F /* RxCLLocationManagerDelegateProxy..swift in Sources */ = {isa = PBXBuildFile; fileRef = 363E341021F563310056C48F /* RxCLLocationManagerDelegateProxy..swift */; };
		363E341321F5647C0056C48F /* ResponseViewModel.swift in Sources */ = {isa = PBXBuildFile; fileRef = 363E341221F5647C0056C48F /* ResponseViewModel.swift */; };
		363E341621F564DF0056C48F /* ResponseData.swift in Sources */ = {isa = PBXBuildFile; fileRef = 363E341521F564DE0056C48F /* ResponseData.swift */; };
		363E341921F564FC0056C48F /* API.swift in Sources */ = {isa = PBXBuildFile; fileRef = 363E341821F564FC0056C48F /* API.swift */; };
		363E341D21F574A00056C48F /* UBikeMapViewModel.swift in Sources */ = {isa = PBXBuildFile; fileRef = 363E341C21F574A00056C48F /* UBikeMapViewModel.swift */; };
		363E341F21F5780F0056C48F /* UBikeMapViewController.swift in Sources */ = {isa = PBXBuildFile; fileRef = 363E341E21F5780F0056C48F /* UBikeMapViewController.swift */; };
		363E342121F57B360056C48F /* UBikeAnnotationViewModel.swift in Sources */ = {isa = PBXBuildFile; fileRef = 363E342021F57B360056C48F /* UBikeAnnotationViewModel.swift */; };
		363E342321F6AA200056C48F /* InformationViewController.swift in Sources */ = {isa = PBXBuildFile; fileRef = 363E342221F6AA200056C48F /* InformationViewController.swift */; };
		363E342721F6BEF40056C48F /* UBikeInfoView.swift in Sources */ = {isa = PBXBuildFile; fileRef = 363E342621F6BEF40056C48F /* UBikeInfoView.swift */; };
		363E342921F6BF000056C48F /* UBikeInfoView.xib in Resources */ = {isa = PBXBuildFile; fileRef = 363E342821F6BF000056C48F /* UBikeInfoView.xib */; };
		363E342C21F7138E0056C48F /* NSObject+Extension.swift in Sources */ = {isa = PBXBuildFile; fileRef = 363E342B21F7138E0056C48F /* NSObject+Extension.swift */; };
		363E344C21F86ECB0056C48F /* UIColor+Extension.swift in Sources */ = {isa = PBXBuildFile; fileRef = 363E344B21F86ECB0056C48F /* UIColor+Extension.swift */; };
		363E344E21F993B20056C48F /* UIView+Extension.swift in Sources */ = {isa = PBXBuildFile; fileRef = 363E344D21F993B20056C48F /* UIView+Extension.swift */; };
		363E345021F99DB80056C48F /* InformationViewModel.swift in Sources */ = {isa = PBXBuildFile; fileRef = 363E344F21F99DB80056C48F /* InformationViewModel.swift */; };
		363E345221F99DE90056C48F /* UIViewController+Extension.swift in Sources */ = {isa = PBXBuildFile; fileRef = 363E345121F99DE90056C48F /* UIViewController+Extension.swift */; };
		363E345421FAE2250056C48F /* UBikeInfoView+Extension.swift in Sources */ = {isa = PBXBuildFile; fileRef = 363E345321FAE2250056C48F /* UBikeInfoView+Extension.swift */; };
		36E00CD52213BE1D00C29490 /* RLMManager.swift in Sources */ = {isa = PBXBuildFile; fileRef = 36E00CD42213BE1D00C29490 /* RLMManager.swift */; };
		36E00CDB2213E64C00C29490 /* GeneralHelper.swift in Sources */ = {isa = PBXBuildFile; fileRef = 36E00CDA2213E64C00C29490 /* GeneralHelper.swift */; };
		36E00CDD2213F32300C29490 /* Reachability.swift in Sources */ = {isa = PBXBuildFile; fileRef = 36E00CDC2213F32300C29490 /* Reachability.swift */; };
		7B23DEDB1D960655F9021E09 /* Pods_Taoyuan_UBike.framework in Frameworks */ = {isa = PBXBuildFile; fileRef = 2ACA451C80A27C8382BB16B7 /* Pods_Taoyuan_UBike.framework */; };
/* End PBXBuildFile section */

/* Begin PBXFileReference section */
		16D27485964842A9DA22ABE8 /* Pods_Taoyuan_UBike_Taoyuan_UBikeTests.framework */ = {isa = PBXFileReference; explicitFileType = wrapper.framework; includeInIndex = 0; path = Pods_Taoyuan_UBike_Taoyuan_UBikeTests.framework; sourceTree = BUILT_PRODUCTS_DIR; };
		2ACA451C80A27C8382BB16B7 /* Pods_Taoyuan_UBike.framework */ = {isa = PBXFileReference; explicitFileType = wrapper.framework; includeInIndex = 0; path = Pods_Taoyuan_UBike.framework; sourceTree = BUILT_PRODUCTS_DIR; };
		31D0E4207D4953854002EBF1 /* Pods-Taoyuan-UBike.release.xcconfig */ = {isa = PBXFileReference; includeInIndex = 1; lastKnownFileType = text.xcconfig; name = "Pods-Taoyuan-UBike.release.xcconfig"; path = "Target Support Files/Pods-Taoyuan-UBike/Pods-Taoyuan-UBike.release.xcconfig"; sourceTree = "<group>"; };
		3605FD01221AA4FA00C35A67 /* Constants.swift */ = {isa = PBXFileReference; lastKnownFileType = sourcecode.swift; path = Constants.swift; sourceTree = "<group>"; };
		3605FD11221B946900C35A67 /* RxCocoa.framework */ = {isa = PBXFileReference; explicitFileType = wrapper.framework; path = RxCocoa.framework; sourceTree = BUILT_PRODUCTS_DIR; };
		3605FD13221B946F00C35A67 /* RxSwift.framework */ = {isa = PBXFileReference; explicitFileType = wrapper.framework; path = RxSwift.framework; sourceTree = BUILT_PRODUCTS_DIR; };
		3605FD15221B947400C35A67 /* RxTest.framework */ = {isa = PBXFileReference; explicitFileType = wrapper.framework; path = RxTest.framework; sourceTree = BUILT_PRODUCTS_DIR; };
		363E33F021F554EA0056C48F /* Taoyuan-UBike.app */ = {isa = PBXFileReference; explicitFileType = wrapper.application; includeInIndex = 0; path = "Taoyuan-UBike.app"; sourceTree = BUILT_PRODUCTS_DIR; };
		363E33F321F554EA0056C48F /* AppDelegate.swift */ = {isa = PBXFileReference; lastKnownFileType = sourcecode.swift; path = AppDelegate.swift; sourceTree = "<group>"; };
		363E33F821F554EA0056C48F /* Base */ = {isa = PBXFileReference; lastKnownFileType = file.storyboard; name = Base; path = Base.lproj/Main.storyboard; sourceTree = "<group>"; };
		363E33FA21F554EF0056C48F /* Assets.xcassets */ = {isa = PBXFileReference; lastKnownFileType = folder.assetcatalog; path = Assets.xcassets; sourceTree = "<group>"; };
		363E33FD21F554EF0056C48F /* Base */ = {isa = PBXFileReference; lastKnownFileType = file.storyboard; name = Base; path = Base.lproj/LaunchScreen.storyboard; sourceTree = "<group>"; };
		363E33FF21F554EF0056C48F /* Info.plist */ = {isa = PBXFileReference; lastKnownFileType = text.plist.xml; path = Info.plist; sourceTree = "<group>"; };
		363E340621F55BD40056C48F /* AppCoordinator.swift */ = {isa = PBXFileReference; lastKnownFileType = sourcecode.swift; path = AppCoordinator.swift; sourceTree = "<group>"; };
		363E340821F55BDC0056C48F /* Coordinator.swift */ = {isa = PBXFileReference; lastKnownFileType = sourcecode.swift; path = Coordinator.swift; sourceTree = "<group>"; };
		363E340B21F55C3F0056C48F /* LocationFetcher.swift */ = {isa = PBXFileReference; lastKnownFileType = sourcecode.swift; path = LocationFetcher.swift; sourceTree = "<group>"; };
		363E340E21F55EFE0056C48F /* CLLocationManager+RX.swift */ = {isa = PBXFileReference; lastKnownFileType = sourcecode.swift; path = "CLLocationManager+RX.swift"; sourceTree = "<group>"; };
		363E341021F563310056C48F /* RxCLLocationManagerDelegateProxy..swift */ = {isa = PBXFileReference; lastKnownFileType = sourcecode.swift; path = RxCLLocationManagerDelegateProxy..swift; sourceTree = "<group>"; };
		363E341221F5647C0056C48F /* ResponseViewModel.swift */ = {isa = PBXFileReference; fileEncoding = 4; lastKnownFileType = sourcecode.swift; path = ResponseViewModel.swift; sourceTree = "<group>"; };
		363E341521F564DE0056C48F /* ResponseData.swift */ = {isa = PBXFileReference; fileEncoding = 4; lastKnownFileType = sourcecode.swift; path = ResponseData.swift; sourceTree = "<group>"; };
		363E341821F564FC0056C48F /* API.swift */ = {isa = PBXFileReference; lastKnownFileType = sourcecode.swift; path = API.swift; sourceTree = "<group>"; };
		363E341C21F574A00056C48F /* UBikeMapViewModel.swift */ = {isa = PBXFileReference; lastKnownFileType = sourcecode.swift; path = UBikeMapViewModel.swift; sourceTree = "<group>"; };
		363E341E21F5780F0056C48F /* UBikeMapViewController.swift */ = {isa = PBXFileReference; lastKnownFileType = sourcecode.swift; path = UBikeMapViewController.swift; sourceTree = "<group>"; };
		363E342021F57B360056C48F /* UBikeAnnotationViewModel.swift */ = {isa = PBXFileReference; lastKnownFileType = sourcecode.swift; path = UBikeAnnotationViewModel.swift; sourceTree = "<group>"; };
		363E342221F6AA200056C48F /* InformationViewController.swift */ = {isa = PBXFileReference; lastKnownFileType = sourcecode.swift; path = InformationViewController.swift; sourceTree = "<group>"; };
		363E342621F6BEF40056C48F /* UBikeInfoView.swift */ = {isa = PBXFileReference; lastKnownFileType = sourcecode.swift; path = UBikeInfoView.swift; sourceTree = "<group>"; };
		363E342821F6BF000056C48F /* UBikeInfoView.xib */ = {isa = PBXFileReference; lastKnownFileType = file.xib; path = UBikeInfoView.xib; sourceTree = "<group>"; };
		363E342B21F7138E0056C48F /* NSObject+Extension.swift */ = {isa = PBXFileReference; lastKnownFileType = sourcecode.swift; path = "NSObject+Extension.swift"; sourceTree = "<group>"; };
		363E344B21F86ECB0056C48F /* UIColor+Extension.swift */ = {isa = PBXFileReference; lastKnownFileType = sourcecode.swift; path = "UIColor+Extension.swift"; sourceTree = "<group>"; };
		363E344D21F993B20056C48F /* UIView+Extension.swift */ = {isa = PBXFileReference; lastKnownFileType = sourcecode.swift; path = "UIView+Extension.swift"; sourceTree = "<group>"; };
		363E344F21F99DB80056C48F /* InformationViewModel.swift */ = {isa = PBXFileReference; lastKnownFileType = sourcecode.swift; path = InformationViewModel.swift; sourceTree = "<group>"; };
		363E345121F99DE90056C48F /* UIViewController+Extension.swift */ = {isa = PBXFileReference; lastKnownFileType = sourcecode.swift; path = "UIViewController+Extension.swift"; sourceTree = "<group>"; };
		363E345321FAE2250056C48F /* UBikeInfoView+Extension.swift */ = {isa = PBXFileReference; lastKnownFileType = sourcecode.swift; path = "UBikeInfoView+Extension.swift"; sourceTree = "<group>"; };
		36E00CD42213BE1D00C29490 /* RLMManager.swift */ = {isa = PBXFileReference; lastKnownFileType = sourcecode.swift; path = RLMManager.swift; sourceTree = "<group>"; };
		36E00CDA2213E64C00C29490 /* GeneralHelper.swift */ = {isa = PBXFileReference; lastKnownFileType = sourcecode.swift; path = GeneralHelper.swift; sourceTree = "<group>"; };
		36E00CDC2213F32300C29490 /* Reachability.swift */ = {isa = PBXFileReference; lastKnownFileType = sourcecode.swift; path = Reachability.swift; sourceTree = "<group>"; };
		98D19A66EF309731CE567C42 /* Pods-Taoyuan-UBike.debug.xcconfig */ = {isa = PBXFileReference; includeInIndex = 1; lastKnownFileType = text.xcconfig; name = "Pods-Taoyuan-UBike.debug.xcconfig"; path = "Target Support Files/Pods-Taoyuan-UBike/Pods-Taoyuan-UBike.debug.xcconfig"; sourceTree = "<group>"; };
/* End PBXFileReference section */

/* Begin PBXFrameworksBuildPhase section */
		363E33ED21F554EA0056C48F /* Frameworks */ = {
			isa = PBXFrameworksBuildPhase;
			buildActionMask = 2147483647;
			files = (
				7B23DEDB1D960655F9021E09 /* Pods_Taoyuan_UBike.framework in Frameworks */,
			);
			runOnlyForDeploymentPostprocessing = 0;
		};
/* End PBXFrameworksBuildPhase section */

/* Begin PBXGroup section */
		363E33E721F554EA0056C48F = {
			isa = PBXGroup;
			children = (
				363E33F221F554EA0056C48F /* Taoyuan-UBike */,
				363E33F121F554EA0056C48F /* Products */,
				3F18E1C6B55ED5361A1B8CEB /* Pods */,
				F0FC840D3D30382914910AF3 /* Frameworks */,
			);
			sourceTree = "<group>";
		};
		363E33F121F554EA0056C48F /* Products */ = {
			isa = PBXGroup;
			children = (
				363E33F021F554EA0056C48F /* Taoyuan-UBike.app */,
			);
			name = Products;
			sourceTree = "<group>";
		};
		363E33F221F554EA0056C48F /* Taoyuan-UBike */ = {
			isa = PBXGroup;
			children = (
				363E33F321F554EA0056C48F /* AppDelegate.swift */,
				363E342A21F713780056C48F /* Extension */,
				363E340521F55B910056C48F /* Coordinator */,
				36E00CD62213E58400C29490 /* Utils */,
				36E00CD82213E5BF00C29490 /* Module */,
				363E341B21F5745E0056C48F /* View */,
				363E341421F564960056C48F /* Model */,
				36E00CD92213E5E400C29490 /* Controller */,
				363E33F721F554EA0056C48F /* Main.storyboard */,
				363E33FA21F554EF0056C48F /* Assets.xcassets */,
				363E33FC21F554EF0056C48F /* LaunchScreen.storyboard */,
				363E33FF21F554EF0056C48F /* Info.plist */,
			);
			path = "Taoyuan-UBike";
			sourceTree = "<group>";
		};
		363E340521F55B910056C48F /* Coordinator */ = {
			isa = PBXGroup;
			children = (
				363E340621F55BD40056C48F /* AppCoordinator.swift */,
				363E340821F55BDC0056C48F /* Coordinator.swift */,
			);
			path = Coordinator;
			sourceTree = "<group>";
		};
		363E340A21F55C290056C48F /* Service */ = {
			isa = PBXGroup;
			children = (
				363E341721F564EE0056C48F /* Location */,
				363E341A21F565080056C48F /* API */,
			);
			path = Service;
			sourceTree = "<group>";
		};
		363E340D21F55EE60056C48F /* RxExtension */ = {
			isa = PBXGroup;
			children = (
				363E340E21F55EFE0056C48F /* CLLocationManager+RX.swift */,
				363E341021F563310056C48F /* RxCLLocationManagerDelegateProxy..swift */,
			);
			path = RxExtension;
			sourceTree = "<group>";
		};
		363E341421F564960056C48F /* Model */ = {
			isa = PBXGroup;
			children = (
				363E341521F564DE0056C48F /* ResponseData.swift */,
				363E341221F5647C0056C48F /* ResponseViewModel.swift */,
			);
			path = Model;
			sourceTree = "<group>";
		};
		363E341721F564EE0056C48F /* Location */ = {
			isa = PBXGroup;
			children = (
				363E340B21F55C3F0056C48F /* LocationFetcher.swift */,
			);
			path = Location;
			sourceTree = "<group>";
		};
		363E341A21F565080056C48F /* API */ = {
			isa = PBXGroup;
			children = (
				363E341821F564FC0056C48F /* API.swift */,
				36E00CDC2213F32300C29490 /* Reachability.swift */,
			);
			path = API;
			sourceTree = "<group>";
		};
		363E341B21F5745E0056C48F /* View */ = {
			isa = PBXGroup;
			children = (
				363E342621F6BEF40056C48F /* UBikeInfoView.swift */,
				363E342821F6BF000056C48F /* UBikeInfoView.xib */,
			);
			path = View;
			sourceTree = "<group>";
		};
		363E342A21F713780056C48F /* Extension */ = {
			isa = PBXGroup;
			children = (
				363E340D21F55EE60056C48F /* RxExtension */,
				363E342B21F7138E0056C48F /* NSObject+Extension.swift */,
				363E344B21F86ECB0056C48F /* UIColor+Extension.swift */,
				363E344D21F993B20056C48F /* UIView+Extension.swift */,
				363E345121F99DE90056C48F /* UIViewController+Extension.swift */,
				363E345321FAE2250056C48F /* UBikeInfoView+Extension.swift */,
			);
			path = Extension;
			sourceTree = "<group>";
		};
		36E00CD62213E58400C29490 /* Utils */ = {
			isa = PBXGroup;
			children = (
				363E340A21F55C290056C48F /* Service */,
				36E00CD72213E5AD00C29490 /* Manager */,
				36E00CDA2213E64C00C29490 /* GeneralHelper.swift */,
				3605FD01221AA4FA00C35A67 /* Constants.swift */,
			);
			path = Utils;
			sourceTree = "<group>";
		};
		36E00CD72213E5AD00C29490 /* Manager */ = {
			isa = PBXGroup;
			children = (
				36E00CD42213BE1D00C29490 /* RLMManager.swift */,
			);
			path = Manager;
			sourceTree = "<group>";
		};
		36E00CD82213E5BF00C29490 /* Module */ = {
			isa = PBXGroup;
			children = (
				363E341C21F574A00056C48F /* UBikeMapViewModel.swift */,
				363E342021F57B360056C48F /* UBikeAnnotationViewModel.swift */,
				363E344F21F99DB80056C48F /* InformationViewModel.swift */,
			);
			path = Module;
			sourceTree = "<group>";
		};
		36E00CD92213E5E400C29490 /* Controller */ = {
			isa = PBXGroup;
			children = (
				363E341E21F5780F0056C48F /* UBikeMapViewController.swift */,
				363E342221F6AA200056C48F /* InformationViewController.swift */,
			);
			path = Controller;
			sourceTree = "<group>";
		};
		3F18E1C6B55ED5361A1B8CEB /* Pods */ = {
			isa = PBXGroup;
			children = (
				98D19A66EF309731CE567C42 /* Pods-Taoyuan-UBike.debug.xcconfig */,
				31D0E4207D4953854002EBF1 /* Pods-Taoyuan-UBike.release.xcconfig */,
			);
			path = Pods;
			sourceTree = "<group>";
		};
		F0FC840D3D30382914910AF3 /* Frameworks */ = {
			isa = PBXGroup;
			children = (
				3605FD15221B947400C35A67 /* RxTest.framework */,
				3605FD13221B946F00C35A67 /* RxSwift.framework */,
				3605FD11221B946900C35A67 /* RxCocoa.framework */,
				2ACA451C80A27C8382BB16B7 /* Pods_Taoyuan_UBike.framework */,
				16D27485964842A9DA22ABE8 /* Pods_Taoyuan_UBike_Taoyuan_UBikeTests.framework */,
			);
			name = Frameworks;
			sourceTree = "<group>";
		};
/* End PBXGroup section */

/* Begin PBXNativeTarget section */
		363E33EF21F554EA0056C48F /* Taoyuan-UBike */ = {
			isa = PBXNativeTarget;
			buildConfigurationList = 363E340221F554EF0056C48F /* Build configuration list for PBXNativeTarget "Taoyuan-UBike" */;
			buildPhases = (
				0F1DE4E06FFF8D550AF51E47 /* [CP] Check Pods Manifest.lock */,
				363E33EC21F554EA0056C48F /* Sources */,
				363E33ED21F554EA0056C48F /* Frameworks */,
				363E33EE21F554EA0056C48F /* Resources */,
				DC49C08DD7DD00C0E26DF932 /* [CP] Embed Pods Frameworks */,
			);
			buildRules = (
			);
			dependencies = (
			);
			name = "Taoyuan-UBike";
			productName = "Taoyuan-UBike";
			productReference = 363E33F021F554EA0056C48F /* Taoyuan-UBike.app */;
			productType = "com.apple.product-type.application";
		};
/* End PBXNativeTarget section */

/* Begin PBXProject section */
		363E33E821F554EA0056C48F /* Project object */ = {
			isa = PBXProject;
			attributes = {
				LastSwiftUpdateCheck = 1010;
				LastUpgradeCheck = 1010;
				ORGANIZATIONNAME = "沈維庭";
				TargetAttributes = {
					363E33EF21F554EA0056C48F = {
						CreatedOnToolsVersion = 10.1;
					};
				};
			};
			buildConfigurationList = 363E33EB21F554EA0056C48F /* Build configuration list for PBXProject "Taoyuan-UBike" */;
			compatibilityVersion = "Xcode 9.3";
			developmentRegion = en;
			hasScannedForEncodings = 0;
			knownRegions = (
				en,
				Base,
			);
			mainGroup = 363E33E721F554EA0056C48F;
			productRefGroup = 363E33F121F554EA0056C48F /* Products */;
			projectDirPath = "";
			projectRoot = "";
			targets = (
				363E33EF21F554EA0056C48F /* Taoyuan-UBike */,
			);
		};
/* End PBXProject section */

/* Begin PBXResourcesBuildPhase section */
		363E33EE21F554EA0056C48F /* Resources */ = {
			isa = PBXResourcesBuildPhase;
			buildActionMask = 2147483647;
			files = (
				363E33FE21F554EF0056C48F /* LaunchScreen.storyboard in Resources */,
				363E342921F6BF000056C48F /* UBikeInfoView.xib in Resources */,
				363E33FB21F554EF0056C48F /* Assets.xcassets in Resources */,
				363E33F921F554EA0056C48F /* Main.storyboard in Resources */,
			);
			runOnlyForDeploymentPostprocessing = 0;
		};
/* End PBXResourcesBuildPhase section */

/* Begin PBXShellScriptBuildPhase section */
		0F1DE4E06FFF8D550AF51E47 /* [CP] Check Pods Manifest.lock */ = {
			isa = PBXShellScriptBuildPhase;
			buildActionMask = 2147483647;
			files = (
			);
			inputFileListPaths = (
			);
			inputPaths = (
				"${PODS_PODFILE_DIR_PATH}/Podfile.lock",
				"${PODS_ROOT}/Manifest.lock",
			);
			name = "[CP] Check Pods Manifest.lock";
			outputFileListPaths = (
			);
			outputPaths = (
				"$(DERIVED_FILE_DIR)/Pods-Taoyuan-UBike-checkManifestLockResult.txt",
			);
			runOnlyForDeploymentPostprocessing = 0;
			shellPath = /bin/sh;
			shellScript = "diff \"${PODS_PODFILE_DIR_PATH}/Podfile.lock\" \"${PODS_ROOT}/Manifest.lock\" > /dev/null\nif [ $? != 0 ] ; then\n    # print error to STDERR\n    echo \"error: The sandbox is not in sync with the Podfile.lock. Run 'pod install' or update your CocoaPods installation.\" >&2\n    exit 1\nfi\n# This output is used by Xcode 'outputs' to avoid re-running this script phase.\necho \"SUCCESS\" > \"${SCRIPT_OUTPUT_FILE_0}\"\n";
			showEnvVarsInLog = 0;
		};
		DC49C08DD7DD00C0E26DF932 /* [CP] Embed Pods Frameworks */ = {
			isa = PBXShellScriptBuildPhase;
			buildActionMask = 2147483647;
			files = (
			);
			inputFileListPaths = (
			);
			inputPaths = (
				"${PODS_ROOT}/Target Support Files/Pods-Taoyuan-UBike/Pods-Taoyuan-UBike-frameworks.sh",
				"${BUILT_PRODUCTS_DIR}/Alamofire/Alamofire.framework",
				"${BUILT_PRODUCTS_DIR}/Differentiator/Differentiator.framework",
				"${BUILT_PRODUCTS_DIR}/Realm/Realm.framework",
				"${BUILT_PRODUCTS_DIR}/RealmSwift/RealmSwift.framework",
				"${BUILT_PRODUCTS_DIR}/RxAlamofire/RxAlamofire.framework",
				"${BUILT_PRODUCTS_DIR}/RxAtomic/RxAtomic.framework",
				"${BUILT_PRODUCTS_DIR}/RxCocoa/RxCocoa.framework",
				"${BUILT_PRODUCTS_DIR}/RxDataSources/RxDataSources.framework",
				"${BUILT_PRODUCTS_DIR}/RxMKMapView/RxMKMapView.framework",
				"${BUILT_PRODUCTS_DIR}/RxSwift/RxSwift.framework",
				"${BUILT_PRODUCTS_DIR}/SnapKit/SnapKit.framework",
			);
			name = "[CP] Embed Pods Frameworks";
			outputFileListPaths = (
			);
			outputPaths = (
				"${TARGET_BUILD_DIR}/${FRAMEWORKS_FOLDER_PATH}/Alamofire.framework",
				"${TARGET_BUILD_DIR}/${FRAMEWORKS_FOLDER_PATH}/Differentiator.framework",
				"${TARGET_BUILD_DIR}/${FRAMEWORKS_FOLDER_PATH}/Realm.framework",
				"${TARGET_BUILD_DIR}/${FRAMEWORKS_FOLDER_PATH}/RealmSwift.framework",
				"${TARGET_BUILD_DIR}/${FRAMEWORKS_FOLDER_PATH}/RxAlamofire.framework",
				"${TARGET_BUILD_DIR}/${FRAMEWORKS_FOLDER_PATH}/RxAtomic.framework",
				"${TARGET_BUILD_DIR}/${FRAMEWORKS_FOLDER_PATH}/RxCocoa.framework",
				"${TARGET_BUILD_DIR}/${FRAMEWORKS_FOLDER_PATH}/RxDataSources.framework",
				"${TARGET_BUILD_DIR}/${FRAMEWORKS_FOLDER_PATH}/RxMKMapView.framework",
				"${TARGET_BUILD_DIR}/${FRAMEWORKS_FOLDER_PATH}/RxSwift.framework",
				"${TARGET_BUILD_DIR}/${FRAMEWORKS_FOLDER_PATH}/SnapKit.framework",
			);
			runOnlyForDeploymentPostprocessing = 0;
			shellPath = /bin/sh;
			shellScript = "\"${PODS_ROOT}/Target Support Files/Pods-Taoyuan-UBike/Pods-Taoyuan-UBike-frameworks.sh\"\n";
			showEnvVarsInLog = 0;
		};
/* End PBXShellScriptBuildPhase section */

/* Begin PBXSourcesBuildPhase section */
		363E33EC21F554EA0056C48F /* Sources */ = {
			isa = PBXSourcesBuildPhase;
			buildActionMask = 2147483647;
			files = (
				363E345021F99DB80056C48F /* InformationViewModel.swift in Sources */,
				36E00CD52213BE1D00C29490 /* RLMManager.swift in Sources */,
				363E341D21F574A00056C48F /* UBikeMapViewModel.swift in Sources */,
				363E341121F563310056C48F /* RxCLLocationManagerDelegateProxy..swift in Sources */,
				363E340921F55BDC0056C48F /* Coordinator.swift in Sources */,
				363E340721F55BD40056C48F /* AppCoordinator.swift in Sources */,
				363E340C21F55C3F0056C48F /* LocationFetcher.swift in Sources */,
				363E342C21F7138E0056C48F /* NSObject+Extension.swift in Sources */,
				363E341921F564FC0056C48F /* API.swift in Sources */,
				363E345221F99DE90056C48F /* UIViewController+Extension.swift in Sources */,
				36E00CDB2213E64C00C29490 /* GeneralHelper.swift in Sources */,
				363E344E21F993B20056C48F /* UIView+Extension.swift in Sources */,
				363E344C21F86ECB0056C48F /* UIColor+Extension.swift in Sources */,
				363E341621F564DF0056C48F /* ResponseData.swift in Sources */,
				363E342721F6BEF40056C48F /* UBikeInfoView.swift in Sources */,
				36E00CDD2213F32300C29490 /* Reachability.swift in Sources */,
				363E340F21F55EFE0056C48F /* CLLocationManager+RX.swift in Sources */,
				363E342321F6AA200056C48F /* InformationViewController.swift in Sources */,
				363E342121F57B360056C48F /* UBikeAnnotationViewModel.swift in Sources */,
				363E341321F5647C0056C48F /* ResponseViewModel.swift in Sources */,
				363E341F21F5780F0056C48F /* UBikeMapViewController.swift in Sources */,
				363E33F421F554EA0056C48F /* AppDelegate.swift in Sources */,
				363E345421FAE2250056C48F /* UBikeInfoView+Extension.swift in Sources */,
				3605FD02221AA4FA00C35A67 /* Constants.swift in Sources */,
			);
			runOnlyForDeploymentPostprocessing = 0;
		};
/* End PBXSourcesBuildPhase section */

/* Begin PBXVariantGroup section */
		363E33F721F554EA0056C48F /* Main.storyboard */ = {
			isa = PBXVariantGroup;
			children = (
				363E33F821F554EA0056C48F /* Base */,
			);
			name = Main.storyboard;
			sourceTree = "<group>";
		};
		363E33FC21F554EF0056C48F /* LaunchScreen.storyboard */ = {
			isa = PBXVariantGroup;
			children = (
				363E33FD21F554EF0056C48F /* Base */,
			);
			name = LaunchScreen.storyboard;
			sourceTree = "<group>";
		};
/* End PBXVariantGroup section */

/* Begin XCBuildConfiguration section */
		363E340021F554EF0056C48F /* Debug */ = {
			isa = XCBuildConfiguration;
			buildSettings = {
				ALWAYS_SEARCH_USER_PATHS = NO;
				CLANG_ANALYZER_NONNULL = YES;
				CLANG_ANALYZER_NUMBER_OBJECT_CONVERSION = YES_AGGRESSIVE;
				CLANG_CXX_LANGUAGE_STANDARD = "gnu++14";
				CLANG_CXX_LIBRARY = "libc++";
				CLANG_ENABLE_MODULES = YES;
				CLANG_ENABLE_OBJC_ARC = YES;
				CLANG_ENABLE_OBJC_WEAK = YES;
				CLANG_WARN_BLOCK_CAPTURE_AUTORELEASING = YES;
				CLANG_WARN_BOOL_CONVERSION = YES;
				CLANG_WARN_COMMA = YES;
				CLANG_WARN_CONSTANT_CONVERSION = YES;
				CLANG_WARN_DEPRECATED_OBJC_IMPLEMENTATIONS = YES;
				CLANG_WARN_DIRECT_OBJC_ISA_USAGE = YES_ERROR;
				CLANG_WARN_DOCUMENTATION_COMMENTS = YES;
				CLANG_WARN_EMPTY_BODY = YES;
				CLANG_WARN_ENUM_CONVERSION = YES;
				CLANG_WARN_INFINITE_RECURSION = YES;
				CLANG_WARN_INT_CONVERSION = YES;
				CLANG_WARN_NON_LITERAL_NULL_CONVERSION = YES;
				CLANG_WARN_OBJC_IMPLICIT_RETAIN_SELF = YES;
				CLANG_WARN_OBJC_LITERAL_CONVERSION = YES;
				CLANG_WARN_OBJC_ROOT_CLASS = YES_ERROR;
				CLANG_WARN_RANGE_LOOP_ANALYSIS = YES;
				CLANG_WARN_STRICT_PROTOTYPES = YES;
				CLANG_WARN_SUSPICIOUS_MOVE = YES;
				CLANG_WARN_UNGUARDED_AVAILABILITY = YES_AGGRESSIVE;
				CLANG_WARN_UNREACHABLE_CODE = YES;
				CLANG_WARN__DUPLICATE_METHOD_MATCH = YES;
				CODE_SIGN_IDENTITY = "iPhone Developer";
				COPY_PHASE_STRIP = NO;
				DEBUG_INFORMATION_FORMAT = dwarf;
				ENABLE_STRICT_OBJC_MSGSEND = YES;
				ENABLE_TESTABILITY = YES;
				GCC_C_LANGUAGE_STANDARD = gnu11;
				GCC_DYNAMIC_NO_PIC = NO;
				GCC_NO_COMMON_BLOCKS = YES;
				GCC_OPTIMIZATION_LEVEL = 0;
				GCC_PREPROCESSOR_DEFINITIONS = (
					"DEBUG=1",
					"$(inherited)",
				);
				GCC_WARN_64_TO_32_BIT_CONVERSION = YES;
				GCC_WARN_ABOUT_RETURN_TYPE = YES_ERROR;
				GCC_WARN_UNDECLARED_SELECTOR = YES;
				GCC_WARN_UNINITIALIZED_AUTOS = YES_AGGRESSIVE;
				GCC_WARN_UNUSED_FUNCTION = YES;
				GCC_WARN_UNUSED_VARIABLE = YES;
				IPHONEOS_DEPLOYMENT_TARGET = 10.0;
				MTL_ENABLE_DEBUG_INFO = INCLUDE_SOURCE;
				MTL_FAST_MATH = YES;
				ONLY_ACTIVE_ARCH = YES;
				SDKROOT = iphoneos;
				SWIFT_ACTIVE_COMPILATION_CONDITIONS = DEBUG;
				SWIFT_OPTIMIZATION_LEVEL = "-Onone";
			};
			name = Debug;
		};
		363E340121F554EF0056C48F /* Release */ = {
			isa = XCBuildConfiguration;
			buildSettings = {
				ALWAYS_SEARCH_USER_PATHS = NO;
				CLANG_ANALYZER_NONNULL = YES;
				CLANG_ANALYZER_NUMBER_OBJECT_CONVERSION = YES_AGGRESSIVE;
				CLANG_CXX_LANGUAGE_STANDARD = "gnu++14";
				CLANG_CXX_LIBRARY = "libc++";
				CLANG_ENABLE_MODULES = YES;
				CLANG_ENABLE_OBJC_ARC = YES;
				CLANG_ENABLE_OBJC_WEAK = YES;
				CLANG_WARN_BLOCK_CAPTURE_AUTORELEASING = YES;
				CLANG_WARN_BOOL_CONVERSION = YES;
				CLANG_WARN_COMMA = YES;
				CLANG_WARN_CONSTANT_CONVERSION = YES;
				CLANG_WARN_DEPRECATED_OBJC_IMPLEMENTATIONS = YES;
				CLANG_WARN_DIRECT_OBJC_ISA_USAGE = YES_ERROR;
				CLANG_WARN_DOCUMENTATION_COMMENTS = YES;
				CLANG_WARN_EMPTY_BODY = YES;
				CLANG_WARN_ENUM_CONVERSION = YES;
				CLANG_WARN_INFINITE_RECURSION = YES;
				CLANG_WARN_INT_CONVERSION = YES;
				CLANG_WARN_NON_LITERAL_NULL_CONVERSION = YES;
				CLANG_WARN_OBJC_IMPLICIT_RETAIN_SELF = YES;
				CLANG_WARN_OBJC_LITERAL_CONVERSION = YES;
				CLANG_WARN_OBJC_ROOT_CLASS = YES_ERROR;
				CLANG_WARN_RANGE_LOOP_ANALYSIS = YES;
				CLANG_WARN_STRICT_PROTOTYPES = YES;
				CLANG_WARN_SUSPICIOUS_MOVE = YES;
				CLANG_WARN_UNGUARDED_AVAILABILITY = YES_AGGRESSIVE;
				CLANG_WARN_UNREACHABLE_CODE = YES;
				CLANG_WARN__DUPLICATE_METHOD_MATCH = YES;
				CODE_SIGN_IDENTITY = "iPhone Developer";
				COPY_PHASE_STRIP = NO;
				DEBUG_INFORMATION_FORMAT = "dwarf-with-dsym";
				ENABLE_NS_ASSERTIONS = NO;
				ENABLE_STRICT_OBJC_MSGSEND = YES;
				GCC_C_LANGUAGE_STANDARD = gnu11;
				GCC_NO_COMMON_BLOCKS = YES;
				GCC_WARN_64_TO_32_BIT_CONVERSION = YES;
				GCC_WARN_ABOUT_RETURN_TYPE = YES_ERROR;
				GCC_WARN_UNDECLARED_SELECTOR = YES;
				GCC_WARN_UNINITIALIZED_AUTOS = YES_AGGRESSIVE;
				GCC_WARN_UNUSED_FUNCTION = YES;
				GCC_WARN_UNUSED_VARIABLE = YES;
				IPHONEOS_DEPLOYMENT_TARGET = 10.0;
				MTL_ENABLE_DEBUG_INFO = NO;
				MTL_FAST_MATH = YES;
				SDKROOT = iphoneos;
				SWIFT_COMPILATION_MODE = wholemodule;
				SWIFT_OPTIMIZATION_LEVEL = "-O";
				VALIDATE_PRODUCT = YES;
			};
			name = Release;
		};
		363E340321F554EF0056C48F /* Debug */ = {
			isa = XCBuildConfiguration;
			baseConfigurationReference = 98D19A66EF309731CE567C42 /* Pods-Taoyuan-UBike.debug.xcconfig */;
			buildSettings = {
				ASSETCATALOG_COMPILER_APPICON_NAME = AppIcon;
				CODE_SIGN_STYLE = Manual;
				DEVELOPMENT_TEAM = "";
				INFOPLIST_FILE = "Taoyuan-UBike/Info.plist";
				LD_RUNPATH_SEARCH_PATHS = (
					"$(inherited)",
					"@executable_path/Frameworks",
				);
				PRODUCT_BUNDLE_IDENTIFIER = "com.weiting.Taoyuan-UBike";
				PRODUCT_NAME = "$(TARGET_NAME)";
				PROVISIONING_PROFILE_SPECIFIER = "";
				SWIFT_VERSION = 4.2;
				TARGETED_DEVICE_FAMILY = "1,2";
			};
			name = Debug;
		};
		363E340421F554EF0056C48F /* Release */ = {
			isa = XCBuildConfiguration;
			baseConfigurationReference = 31D0E4207D4953854002EBF1 /* Pods-Taoyuan-UBike.release.xcconfig */;
			buildSettings = {
				ASSETCATALOG_COMPILER_APPICON_NAME = AppIcon;
				CODE_SIGN_STYLE = Manual;
				DEVELOPMENT_TEAM = "";
				INFOPLIST_FILE = "Taoyuan-UBike/Info.plist";
				LD_RUNPATH_SEARCH_PATHS = (
					"$(inherited)",
					"@executable_path/Frameworks",
				);
				PRODUCT_BUNDLE_IDENTIFIER = "com.weiting.Taoyuan-UBike";
				PRODUCT_NAME = "$(TARGET_NAME)";
				PROVISIONING_PROFILE_SPECIFIER = "";
				SWIFT_VERSION = 4.2;
				TARGETED_DEVICE_FAMILY = "1,2";
			};
			name = Release;
		};
/* End XCBuildConfiguration section */

/* Begin XCConfigurationList section */
		363E33EB21F554EA0056C48F /* Build configuration list for PBXProject "Taoyuan-UBike" */ = {
			isa = XCConfigurationList;
			buildConfigurations = (
				363E340021F554EF0056C48F /* Debug */,
				363E340121F554EF0056C48F /* Release */,
			);
			defaultConfigurationIsVisible = 0;
			defaultConfigurationName = Release;
		};
		363E340221F554EF0056C48F /* Build configuration list for PBXNativeTarget "Taoyuan-UBike" */ = {
			isa = XCConfigurationList;
			buildConfigurations = (
				363E340321F554EF0056C48F /* Debug */,
				363E340421F554EF0056C48F /* Release */,
			);
			defaultConfigurationIsVisible = 0;
			defaultConfigurationName = Release;
		};
/* End XCConfigurationList section */
	};
	rootObject = 363E33E821F554EA0056C48F /* Project object */;
}
